
Microsoft Visual Studio Solution File, Format Version 12.00
# Visual Studio Version 17
VisualStudioVersion = 17.4.33205.214
MinimumVisualStudioVersion = 10.0.40219.1
Project("{FAE04EC0-301F-11D3-BF4B-00C04F79EFBC}") = "FlatDesign", "FlatDesign\FlatDesign.csproj", "{76151DE9-2158-4F98-86B3-A16D4FA2E484}"
EndProject
Global
	GlobalSection(SolutionConfigurationPlatforms) = preSolution
		Debug|Any CPU = Debug|Any CPU
		Release|Any CPU = Release|Any CPU
	EndGlobalSection
	GlobalSection(ProjectConfigurationPlatforms) = postSolution
		{76151DE9-2158-4F98-86B3-A16D4FA2E484}.Debug|Any CPU.ActiveCfg = Debug|Any CPU
		{76151DE9-2158-4F98-86B3-A16D4FA2E484}.Debug|Any CPU.Build.0 = Debug|Any CPU
		{76151DE9-2158-4F98-86B3-A16D4FA2E484}.Release|Any CPU.ActiveCfg = Release|Any CPU
		{76151DE9-2158-4F98-86B3-A16D4FA2E484}.Release|Any CPU.Build.0 = Release|Any CPU
	EndGlobalSection
	GlobalSection(SolutionProperties) = preSolution
		HideSolutionNode = FALSE
	EndGlobalSection
	GlobalSection(ExtensibilityGlobals) = postSolution
		SolutionGuid = {36DCAE4F-CB4F-4DCE-B614-A0DE7B7E760E}
	EndGlobalSection
EndGlobal
